{
  "name": "liyana-main-app",
  "version": "1.1.0",
  "lockfileVersion": 1,
  "requires": true,
  "dependencies": {
    "@cloudcmd/create-element": {
      "version": "2.0.2",
      "resolved": "https://registry.npmjs.org/@cloudcmd/create-element/-/create-element-2.0.2.tgz",
      "integrity": "sha512-5b74qCgwEUx+GxzXC9Gwamgh4Rx5ouLSrCW+QbaBHWpxA5s1sw5i6MbSODfuts1MSX5RoaZjJAjNY5y3et1iXw==",
      "requires": {
        "currify": "^4.0.0",
        "fullstore": "^3.0.0"
      }
    },
    "chrome-socket": {
      "version": "0.0.1",
      "resolved": "https://registry.npmjs.org/chrome-socket/-/chrome-socket-0.0.1.tgz",
      "integrity": "sha1-jy2ofQHJ5QNppmSUb9FjSuJpbPA="
    },
    "currify": {
      "version": "4.0.0",
      "resolved": "https://registry.npmjs.org/currify/-/currify-4.0.0.tgz",
      "integrity": "sha512-ABfH28PWp5oqqp31cLXJQdeMqoFNej9rJOu84wKhN3jPCH7FAZg3zY1MVI27PTFoqfPlxOyhGmh9PzOVv+yN2g=="
    },
    "doc-ready": {
      "version": "1.0.4",
      "resolved": "https://registry.npmjs.org/doc-ready/-/doc-ready-1.0.4.tgz",
      "integrity": "sha1-N/U5GWnP+ZQwP9/vLl1QNX+BZNM=",
      "requires": {
        "eventie": "^1"
      }
    },
    "electron-prompt": {
      "version": "1.5.1",
      "resolved": "https://registry.npmjs.org/electron-prompt/-/electron-prompt-1.5.1.tgz",
      "integrity": "sha512-rB5eZWIFXG+GWGbTtm/zDleihFmx7EAibSv04r/EM/fwV7jNzPfLfA86e+lSmYa5ZTFnS5mSQNiZD1YYJWJjXw==",
      "requires": {
        "doc-ready": "^1.0.4"
      }
    },
    "eventie": {
      "version": "1.0.6",
      "resolved": "https://registry.npmjs.org/eventie/-/eventie-1.0.6.tgz",
      "integrity": "sha1-1P/IsMK15JPCqhsiy+kY067nRDc="
    },
    "fullstore": {
      "version": "3.0.0",
      "resolved": "https://registry.npmjs.org/fullstore/-/fullstore-3.0.0.tgz",
      "integrity": "sha512-EEIdG+HWpyygWRwSLIZy+x4u0xtghjHNfhQb0mI5825Mmjq6oFESFUY0hoZigEgd3KH8GX+ZOCK9wgmOiS7VBQ=="
    },
    "inherits": {
      "version": "2.0.4",
      "resolved": "https://registry.npmjs.org/inherits/-/inherits-2.0.4.tgz",
      "integrity": "sha512-k/vGaX4/Yla3WzyMCvTQOXYeIHvqOKtnqBduzTHpzpQZzAskKMhZ2K+EnBiSM9zGSoIFeMpXKxa4dYeZIQqewQ=="
    },
    "smalltalk": {
      "version": "4.0.6",
      "resolved": "https://registry.npmjs.org/smalltalk/-/smalltalk-4.0.6.tgz",
      "integrity": "sha512-P/0tvDkGjrYLXR0y0XV0Gzr1c9ZZ3BIOK+YoNL3oapYq/S9WkXuItJhN4wes34ItTGJOH0nX4AeQVJ2LLrXLjg==",
      "requires": {
        "@cloudcmd/create-element": "^2.0.0",
        "currify": "^4.0.0",
        "fullstore": "^3.0.0"
      }
    }
  }
}
